// !$*UTF8*$!
{
	archiveVersion = 1;
	classes = {
	};
	objectVersion = 50;
	objects = {

/* Begin PBXBuildFile section */
		CE044FE62637814600A5EC49 /* fountainpen@2x.png in Resources */ = {isa = PBXBuildFile; fileRef = CE044FE52637814600A5EC49 /* fountainpen@2x.png */; };
		CE146EF826379A49006B1DB4 /* memo.png in Resources */ = {isa = PBXBuildFile; fileRef = CE146EF726379A49006B1DB4 /* memo.png */; };
		CEA43E7226367F3A0032A06D /* MemoFormVC.swift in Sources */ = {isa = PBXBuildFile; fileRef = CEA43E7126367F3A0032A06D /* MemoFormVC.swift */; };
		CEA43E7526367F4E0032A06D /* MemoReadVC.swift in Sources */ = {isa = PBXBuildFile; fileRef = CEA43E7426367F4E0032A06D /* MemoReadVC.swift */; };
		CEA43E7F26368B880032A06D /* MemoListVC.swift in Sources */ = {isa = PBXBuildFile; fileRef = CEA43E7E26368B880032A06D /* MemoListVC.swift */; };
		CEA43E8326368C1E0032A06D /* MemoCell.swift in Sources */ = {isa = PBXBuildFile; fileRef = CEA43E8226368C1E0032A06D /* MemoCell.swift */; };
		CEA43E8726368CC60032A06D /* MemoData.swift in Sources */ = {isa = PBXBuildFile; fileRef = CEA43E8626368CC60032A06D /* MemoData.swift */; };
		CEF8A60326363F7700C19B05 /* AppDelegate.swift in Sources */ = {isa = PBXBuildFile; fileRef = CEF8A60226363F7700C19B05 /* AppDelegate.swift */; };
		CEF8A60526363F7700C19B05 /* SceneDelegate.swift in Sources */ = {isa = PBXBuildFile; fileRef = CEF8A60426363F7700C19B05 /* SceneDelegate.swift */; };
		CEF8A60A26363F7700C19B05 /* Main.storyboard in Resources */ = {isa = PBXBuildFile; fileRef = CEF8A60826363F7700C19B05 /* Main.storyboard */; };
		CEF8A60D26363F7700C19B05 /* MyMemory.xcdatamodeld in Sources */ = {isa = PBXBuildFile; fileRef = CEF8A60B26363F7700C19B05 /* MyMemory.xcdatamodeld */; };
		CEF8A60F26363F7900C19B05 /* Assets.xcassets in Resources */ = {isa = PBXBuildFile; fileRef = CEF8A60E26363F7900C19B05 /* Assets.xcassets */; };
		CEF8A61226363F7900C19B05 /* LaunchScreen.storyboard in Resources */ = {isa = PBXBuildFile; fileRef = CEF8A61026363F7900C19B05 /* LaunchScreen.storyboard */; };
/* End PBXBuildFile section */

/* Begin PBXFileReference section */
		CE044FE52637814600A5EC49 /* fountainpen@2x.png */ = {isa = PBXFileReference; lastKnownFileType = image.png; path = "fountainpen@2x.png"; sourceTree = "<group>"; };
		CE146EF726379A49006B1DB4 /* memo.png */ = {isa = PBXFileReference; lastKnownFileType = image.png; path = memo.png; sourceTree = "<group>"; };
		CEA43E7126367F3A0032A06D /* MemoFormVC.swift */ = {isa = PBXFileReference; lastKnownFileType = sourcecode.swift; path = MemoFormVC.swift; sourceTree = "<group>"; };
		CEA43E7426367F4E0032A06D /* MemoReadVC.swift */ = {isa = PBXFileReference; lastKnownFileType = sourcecode.swift; path = MemoReadVC.swift; sourceTree = "<group>"; };
		CEA43E7E26368B880032A06D /* MemoListVC.swift */ = {isa = PBXFileReference; lastKnownFileType = sourcecode.swift; path = MemoListVC.swift; sourceTree = SOURCE_ROOT; };
		CEA43E8226368C1E0032A06D /* MemoCell.swift */ = {isa = PBXFileReference; lastKnownFileType = sourcecode.swift; path = MemoCell.swift; sourceTree = "<group>"; };
		CEA43E8626368CC60032A06D /* MemoData.swift */ = {isa = PBXFileReference; lastKnownFileType = sourcecode.swift; path = MemoData.swift; sourceTree = "<group>"; };
		CEF8A5FF26363F7700C19B05 /* MyMemory.app */ = {isa = PBXFileReference; explicitFileType = wrapper.application; includeInIndex = 0; path = MyMemory.app; sourceTree = BUILT_PRODUCTS_DIR; };
		CEF8A60226363F7700C19B05 /* AppDelegate.swift */ = {isa = PBXFileReference; lastKnownFileType = sourcecode.swift; path = AppDelegate.swift; sourceTree = "<group>"; };
		CEF8A60426363F7700C19B05 /* SceneDelegate.swift */ = {isa = PBXFileReference; lastKnownFileType = sourcecode.swift; path = SceneDelegate.swift; sourceTree = "<group>"; };
		CEF8A60926363F7700C19B05 /* Base */ = {isa = PBXFileReference; lastKnownFileType = file.storyboard; name = Base; path = Base.lproj/Main.storyboard; sourceTree = "<group>"; };
		CEF8A60C26363F7700C19B05 /* MyMemory.xcdatamodel */ = {isa = PBXFileReference; lastKnownFileType = wrapper.xcdatamodel; path = MyMemory.xcdatamodel; sourceTree = "<group>"; };
		CEF8A60E26363F7900C19B05 /* Assets.xcassets */ = {isa = PBXFileReference; lastKnownFileType = folder.assetcatalog; path = Assets.xcassets; sourceTree = "<group>"; };
		CEF8A61126363F7900C19B05 /* Base */ = {isa = PBXFileReference; lastKnownFileType = file.storyboard; name = Base; path = Base.lproj/LaunchScreen.storyboard; sourceTree = "<group>"; };
		CEF8A61326363F7900C19B05 /* Info.plist */ = {isa = PBXFileReference; lastKnownFileType = text.plist.xml; path = Info.plist; sourceTree = "<group>"; };
/* End PBXFileReference section */

/* Begin PBXFrameworksBuildPhase section */
		CEF8A5FC26363F7700C19B05 /* Frameworks */ = {
			isa = PBXFrameworksBuildPhase;
			buildActionMask = 2147483647;
			files = (
			);
			runOnlyForDeploymentPostprocessing = 0;
		};
/* End PBXFrameworksBuildPhase section */

/* Begin PBXGroup section */
		CEF8A5F626363F7700C19B05 = {
			isa = PBXGroup;
			children = (
				CEF8A60126363F7700C19B05 /* MyMemory */,
				CEF8A60026363F7700C19B05 /* Products */,
			);
			sourceTree = "<group>";
		};
		CEF8A60026363F7700C19B05 /* Products */ = {
			isa = PBXGroup;
			children = (
				CEF8A5FF26363F7700C19B05 /* MyMemory.app */,
			);
			name = Products;
			sourceTree = "<group>";
		};
		CEF8A60126363F7700C19B05 /* MyMemory */ = {
			isa = PBXGroup;
			children = (
				CEF8A60226363F7700C19B05 /* AppDelegate.swift */,
				CEF8A60426363F7700C19B05 /* SceneDelegate.swift */,
				CEF8A60826363F7700C19B05 /* Main.storyboard */,
				CEF8A60E26363F7900C19B05 /* Assets.xcassets */,
				CE146EF726379A49006B1DB4 /* memo.png */,
				CEF8A61026363F7900C19B05 /* LaunchScreen.storyboard */,
				CEF8A61326363F7900C19B05 /* Info.plist */,
				CEF8A60B26363F7700C19B05 /* MyMemory.xcdatamodeld */,
				CEA43E7126367F3A0032A06D /* MemoFormVC.swift */,
				CEA43E7426367F4E0032A06D /* MemoReadVC.swift */,
				CEA43E7E26368B880032A06D /* MemoListVC.swift */,
				CEA43E8226368C1E0032A06D /* MemoCell.swift */,
				CEA43E8626368CC60032A06D /* MemoData.swift */,
				CE044FE52637814600A5EC49 /* fountainpen@2x.png */,
			);
			path = MyMemory;
			sourceTree = "<group>";
		};
/* End PBXGroup section */

/* Begin PBXNativeTarget section */
		CEF8A5FE26363F7700C19B05 /* MyMemory */ = {
			isa = PBXNativeTarget;
			buildConfigurationList = CEF8A61626363F7900C19B05 /* Build configuration list for PBXNativeTarget "MyMemory" */;
			buildPhases = (
				CEF8A5FB26363F7700C19B05 /* Sources */,
				CEF8A5FC26363F7700C19B05 /* Frameworks */,
				CEF8A5FD26363F7700C19B05 /* Resources */,
			);
			buildRules = (
			);
			dependencies = (
			);
			name = MyMemory;
			productName = MyMemory;
			productReference = CEF8A5FF26363F7700C19B05 /* MyMemory.app */;
			productType = "com.apple.product-type.application";
		};
/* End PBXNativeTarget section */

/* Begin PBXProject section */
		CEF8A5F726363F7700C19B05 /* Project object */ = {
			isa = PBXProject;
			attributes = {
				LastSwiftUpdateCheck = 1240;
				LastUpgradeCheck = 1240;
				TargetAttributes = {
					CEF8A5FE26363F7700C19B05 = {
						CreatedOnToolsVersion = 12.4;
					};
				};
			};
			buildConfigurationList = CEF8A5FA26363F7700C19B05 /* Build configuration list for PBXProject "MyMemory" */;
			compatibilityVersion = "Xcode 9.3";
			developmentRegion = en;
			hasScannedForEncodings = 0;
			knownRegions = (
				en,
				Base,
			);
			mainGroup = CEF8A5F626363F7700C19B05;
			productRefGroup = CEF8A60026363F7700C19B05 /* Products */;
			projectDirPath = "";
			projectRoot = "";
			targets = (
				CEF8A5FE26363F7700C19B05 /* MyMemory */,
			);
		};
/* End PBXProject section */

/* Begin PBXResourcesBuildPhase section */
		CEF8A5FD26363F7700C19B05 /* Resources */ = {
			isa = PBXResourcesBuildPhase;
			buildActionMask = 2147483647;
			files = (
				CEF8A61226363F7900C19B05 /* LaunchScreen.storyboard in Resources */,
				CE146EF826379A49006B1DB4 /* memo.png in Resources */,
				CEF8A60F26363F7900C19B05 /* Assets.xcassets in Resources */,
				CE044FE62637814600A5EC49 /* fountainpen@2x.png in Resources */,
				CEF8A60A26363F7700C19B05 /* Main.storyboard in Resources */,
			);
			runOnlyForDeploymentPostprocessing = 0;
		};
/* End PBXResourcesBuildPhase section */

/* Begin PBXSourcesBuildPhase section */
		CEF8A5FB26363F7700C19B05 /* Sources */ = {
			isa = PBXSourcesBuildPhase;
			buildActionMask = 2147483647;
			files = (
				CEF8A60D26363F7700C19B05 /* MyMemory.xcdatamodeld in Sources */,
				CEA43E8726368CC60032A06D /* MemoData.swift in Sources */,
				CEA43E7F26368B880032A06D /* MemoListVC.swift in Sources */,
				CEF8A60326363F7700C19B05 /* AppDelegate.swift in Sources */,
				CEA43E7226367F3A0032A06D /* MemoFormVC.swift in Sources */,
				CEF8A60526363F7700C19B05 /* SceneDelegate.swift in Sources */,
				CEA43E7526367F4E0032A06D /* MemoReadVC.swift in Sources */,
				CEA43E8326368C1E0032A06D /* MemoCell.swift in Sources */,
			);
			runOnlyForDeploymentPostprocessing = 0;
		};
/* End PBXSourcesBuildPhase section */

/* Begin PBXVariantGroup section */
		CEF8A60826363F7700C19B05 /* Main.storyboard */ = {
			isa = PBXVariantGroup;
			children = (
				CEF8A60926363F7700C19B05 /* Base */,
			);
			name = Main.storyboard;
			sourceTree = "<group>";
		};
		CEF8A61026363F7900C19B05 /* LaunchScreen.storyboard */ = {
			isa = PBXVariantGroup;
			children = (
				CEF8A61126363F7900C19B05 /* Base */,
			);
			name = LaunchScreen.storyboard;
			sourceTree = "<group>";
		};
/* End PBXVariantGroup section */

/* Begin XCBuildConfiguration section */
		CEF8A61426363F7900C19B05 /* Debug */ = {
			isa = XCBuildConfiguration;
			buildSettings = {
				ALWAYS_SEARCH_USER_PATHS = NO;
				CLANG_ANALYZER_NONNULL = YES;
				CLANG_ANALYZER_NUMBER_OBJECT_CONVERSION = YES_AGGRESSIVE;
				CLANG_CXX_LANGUAGE_STANDARD = "gnu++14";
				CLANG_CXX_LIBRARY = "libc++";
				CLANG_ENABLE_MODULES = YES;
				CLANG_ENABLE_OBJC_ARC = YES;
				CLANG_ENABLE_OBJC_WEAK = YES;
				CLANG_WARN_BLOCK_CAPTURE_AUTORELEASING = YES;
				CLANG_WARN_BOOL_CONVERSION = YES;
				CLANG_WARN_COMMA = YES;
				CLANG_WARN_CONSTANT_CONVERSION = YES;
				CLANG_WARN_DEPRECATED_OBJC_IMPLEMENTATIONS = YES;
				CLANG_WARN_DIRECT_OBJC_ISA_USAGE = YES_ERROR;
				CLANG_WARN_DOCUMENTATION_COMMENTS = YES;
				CLANG_WARN_EMPTY_BODY = YES;
				CLANG_WARN_ENUM_CONVERSION = YES;
				CLANG_WARN_INFINITE_RECURSION = YES;
				CLANG_WARN_INT_CONVERSION = YES;
				CLANG_WARN_NON_LITERAL_NULL_CONVERSION = YES;
				CLANG_WARN_OBJC_IMPLICIT_RETAIN_SELF = YES;
				CLANG_WARN_OBJC_LITERAL_CONVERSION = YES;
				CLANG_WARN_OBJC_ROOT_CLASS = YES_ERROR;
				CLANG_WARN_QUOTED_INCLUDE_IN_FRAMEWORK_HEADER = YES;
				CLANG_WARN_RANGE_LOOP_ANALYSIS = YES;
				CLANG_WARN_STRICT_PROTOTYPES = YES;
				CLANG_WARN_SUSPICIOUS_MOVE = YES;
				CLANG_WARN_UNGUARDED_AVAILABILITY = YES_AGGRESSIVE;
				CLANG_WARN_UNREACHABLE_CODE = YES;
				CLANG_WARN__DUPLICATE_METHOD_MATCH = YES;
				COPY_PHASE_STRIP = NO;
				DEBUG_INFORMATION_FORMAT = dwarf;
				ENABLE_STRICT_OBJC_MSGSEND = YES;
				ENABLE_TESTABILITY = YES;
				GCC_C_LANGUAGE_STANDARD = gnu11;
				GCC_DYNAMIC_NO_PIC = NO;
				GCC_NO_COMMON_BLOCKS = YES;
				GCC_OPTIMIZATION_LEVEL = 0;
				GCC_PREPROCESSOR_DEFINITIONS = (
					"DEBUG=1",
					"$(inherited)",
				);
				GCC_WARN_64_TO_32_BIT_CONVERSION = YES;
				GCC_WARN_ABOUT_RETURN_TYPE = YES_ERROR;
				GCC_WARN_UNDECLARED_SELECTOR = YES;
				GCC_WARN_UNINITIALIZED_AUTOS = YES_AGGRESSIVE;
				GCC_WARN_UNUSED_FUNCTION = YES;
				GCC_WARN_UNUSED_VARIABLE = YES;
				IPHONEOS_DEPLOYMENT_TARGET = 14.4;
				MTL_ENABLE_DEBUG_INFO = INCLUDE_SOURCE;
				MTL_FAST_MATH = YES;
				ONLY_ACTIVE_ARCH = YES;
				SDKROOT = iphoneos;
				SWIFT_ACTIVE_COMPILATION_CONDITIONS = DEBUG;
				SWIFT_OPTIMIZATION_LEVEL = "-Onone";
			};
			name = Debug;
		};
		CEF8A61526363F7900C19B05 /* Release */ = {
			isa = XCBuildConfiguration;
			buildSettings = {
				ALWAYS_SEARCH_USER_PATHS = NO;
				CLANG_ANALYZER_NONNULL = YES;
				CLANG_ANALYZER_NUMBER_OBJECT_CONVERSION = YES_AGGRESSIVE;
				CLANG_CXX_LANGUAGE_STANDARD = "gnu++14";
				CLANG_CXX_LIBRARY = "libc++";
				CLANG_ENABLE_MODULES = YES;
				CLANG_ENABLE_OBJC_ARC = YES;
				CLANG_ENABLE_OBJC_WEAK = YES;
				CLANG_WARN_BLOCK_CAPTURE_AUTORELEASING = YES;
				CLANG_WARN_BOOL_CONVERSION = YES;
				CLANG_WARN_COMMA = YES;
				CLANG_WARN_CONSTANT_CONVERSION = YES;
				CLANG_WARN_DEPRECATED_OBJC_IMPLEMENTATIONS = YES;
				CLANG_WARN_DIRECT_OBJC_ISA_USAGE = YES_ERROR;
				CLANG_WARN_DOCUMENTATION_COMMENTS = YES;
				CLANG_WARN_EMPTY_BODY = YES;
				CLANG_WARN_ENUM_CONVERSION = YES;
				CLANG_WARN_INFINITE_RECURSION = YES;
				CLANG_WARN_INT_CONVERSION = YES;
				CLANG_WARN_NON_LITERAL_NULL_CONVERSION = YES;
				CLANG_WARN_OBJC_IMPLICIT_RETAIN_SELF = YES;
				CLANG_WARN_OBJC_LITERAL_CONVERSION = YES;
				CLANG_WARN_OBJC_ROOT_CLASS = YES_ERROR;
				CLANG_WARN_QUOTED_INCLUDE_IN_FRAMEWORK_HEADER = YES;
				CLANG_WARN_RANGE_LOOP_ANALYSIS = YES;
				CLANG_WARN_STRICT_PROTOTYPES = YES;
				CLANG_WARN_SUSPICIOUS_MOVE = YES;
				CLANG_WARN_UNGUARDED_AVAILABILITY = YES_AGGRESSIVE;
				CLANG_WARN_UNREACHABLE_CODE = YES;
				CLANG_WARN__DUPLICATE_METHOD_MATCH = YES;
				COPY_PHASE_STRIP = NO;
				DEBUG_INFORMATION_FORMAT = "dwarf-with-dsym";
				ENABLE_NS_ASSERTIONS = NO;
				ENABLE_STRICT_OBJC_MSGSEND = YES;
				GCC_C_LANGUAGE_STANDARD = gnu11;
				GCC_NO_COMMON_BLOCKS = YES;
				GCC_WARN_64_TO_32_BIT_CONVERSION = YES;
				GCC_WARN_ABOUT_RETURN_TYPE = YES_ERROR;
				GCC_WARN_UNDECLARED_SELECTOR = YES;
				GCC_WARN_UNINITIALIZED_AUTOS = YES_AGGRESSIVE;
				GCC_WARN_UNUSED_FUNCTION = YES;
				GCC_WARN_UNUSED_VARIABLE = YES;
				IPHONEOS_DEPLOYMENT_TARGET = 14.4;
				MTL_ENABLE_DEBUG_INFO = NO;
				MTL_FAST_MATH = YES;
				SDKROOT = iphoneos;
				SWIFT_COMPILATION_MODE = wholemodule;
				SWIFT_OPTIMIZATION_LEVEL = "-O";
				VALIDATE_PRODUCT = YES;
			};
			name = Release;
		};
		CEF8A61726363F7900C19B05 /* Debug */ = {
			isa = XCBuildConfiguration;
			buildSettings = {
				ASSETCATALOG_COMPILER_APPICON_NAME = AppIcon;
				ASSETCATALOG_COMPILER_GLOBAL_ACCENT_COLOR_NAME = AccentColor;
				CODE_SIGN_STYLE = Automatic;
				DEVELOPMENT_TEAM = 84P8K8B2XV;
				INFOPLIST_FILE = MyMemory/Info.plist;
				LD_RUNPATH_SEARCH_PATHS = (
					"$(inherited)",
					"@executable_path/Frameworks",
				);
				PRODUCT_BUNDLE_IDENTIFIER = sang.MyMemory;
				PRODUCT_NAME = "$(TARGET_NAME)";
				SWIFT_VERSION = 5.0;
				TARGETED_DEVICE_FAMILY = "1,2";
			};
			name = Debug;
		};
		CEF8A61826363F7900C19B05 /* Release */ = {
			isa = XCBuildConfiguration;
			buildSettings = {
				ASSETCATALOG_COMPILER_APPICON_NAME = AppIcon;
				ASSETCATALOG_COMPILER_GLOBAL_ACCENT_COLOR_NAME = AccentColor;
				CODE_SIGN_STYLE = Automatic;
				DEVELOPMENT_TEAM = 84P8K8B2XV;
				INFOPLIST_FILE = MyMemory/Info.plist;
				LD_RUNPATH_SEARCH_PATHS = (
					"$(inherited)",
					"@executable_path/Frameworks",
				);
				PRODUCT_BUNDLE_IDENTIFIER = sang.MyMemory;
				PRODUCT_NAME = "$(TARGET_NAME)";
				SWIFT_VERSION = 5.0;
				TARGETED_DEVICE_FAMILY = "1,2";
			};
			name = Release;
		};
/* End XCBuildConfiguration section */

/* Begin XCConfigurationList section */
		CEF8A5FA26363F7700C19B05 /* Build configuration list for PBXProject "MyMemory" */ = {
			isa = XCConfigurationList;
			buildConfigurations = (
				CEF8A61426363F7900C19B05 /* Debug */,
				CEF8A61526363F7900C19B05 /* Release */,
			);
			defaultConfigurationIsVisible = 0;
			defaultConfigurationName = Release;
		};
		CEF8A61626363F7900C19B05 /* Build configuration list for PBXNativeTarget "MyMemory" */ = {
			isa = XCConfigurationList;
			buildConfigurations = (
				CEF8A61726363F7900C19B05 /* Debug */,
				CEF8A61826363F7900C19B05 /* Release */,
			);
			defaultConfigurationIsVisible = 0;
			defaultConfigurationName = Release;
		};
/* End XCConfigurationList section */

/* Begin XCVersionGroup section */
		CEF8A60B26363F7700C19B05 /* MyMemory.xcdatamodeld */ = {
			isa = XCVersionGroup;
			children = (
				CEF8A60C26363F7700C19B05 /* MyMemory.xcdatamodel */,
			);
			currentVersion = CEF8A60C26363F7700C19B05 /* MyMemory.xcdatamodel */;
			path = MyMemory.xcdatamodeld;
			sourceTree = "<group>";
			versionGroupType = wrapper.xcdatamodel;
		};
/* End XCVersionGroup section */
	};
	rootObject = CEF8A5F726363F7700C19B05 /* Project object */;
}
